
Microsoft Visual Studio Solution File, Format Version 12.00
# Visual Studio Version 17
VisualStudioVersion = 17.4.33213.308
MinimumVisualStudioVersion = 10.0.40219.1
Project("{FAE04EC0-301F-11D3-BF4B-00C04F79EFBC}") = "T11", "T11\T11.csproj", "{F3D78669-CD9D-47DA-BB8C-0B55483A904D}"
EndProject
Global
	GlobalSection(SolutionConfigurationPlatforms) = preSolution
		Debug|Any CPU = Debug|Any CPU
		Release|Any CPU = Release|Any CPU
	EndGlobalSection
	GlobalSection(ProjectConfigurationPlatforms) = postSolution
		{F3D78669-CD9D-47DA-BB8C-0B55483A904D}.Debug|Any CPU.ActiveCfg = Debug|Any CPU
		{F3D78669-CD9D-47DA-BB8C-0B55483A904D}.Debug|Any CPU.Build.0 = Debug|Any CPU
		{F3D78669-CD9D-47DA-BB8C-0B55483A904D}.Release|Any CPU.ActiveCfg = Release|Any CPU
		{F3D78669-CD9D-47DA-BB8C-0B55483A904D}.Release|Any CPU.Build.0 = Release|Any CPU
	EndGlobalSection
	GlobalSection(SolutionProperties) = preSolution
		HideSolutionNode = FALSE
	EndGlobalSection
	GlobalSection(ExtensibilityGlobals) = postSolution
		SolutionGuid = {F6868C9A-9550-4772-9862-C2BC5936371A}
	EndGlobalSection
EndGlobal
