
Microsoft Visual Studio Solution File, Format Version 12.00
# Visual Studio Version 17
VisualStudioVersion = 17.4.33213.308
MinimumVisualStudioVersion = 10.0.40219.1
Project("{FAE04EC0-301F-11D3-BF4B-00C04F79EFBC}") = "T15", "T15\T15.csproj", "{E9217D8D-6DB3-407E-8BAB-643C0025D6B5}"
EndProject
Global
	GlobalSection(SolutionConfigurationPlatforms) = preSolution
		Debug|Any CPU = Debug|Any CPU
		Release|Any CPU = Release|Any CPU
	EndGlobalSection
	GlobalSection(ProjectConfigurationPlatforms) = postSolution
		{E9217D8D-6DB3-407E-8BAB-643C0025D6B5}.Debug|Any CPU.ActiveCfg = Debug|Any CPU
		{E9217D8D-6DB3-407E-8BAB-643C0025D6B5}.Debug|Any CPU.Build.0 = Debug|Any CPU
		{E9217D8D-6DB3-407E-8BAB-643C0025D6B5}.Release|Any CPU.ActiveCfg = Release|Any CPU
		{E9217D8D-6DB3-407E-8BAB-643C0025D6B5}.Release|Any CPU.Build.0 = Release|Any CPU
	EndGlobalSection
	GlobalSection(SolutionProperties) = preSolution
		HideSolutionNode = FALSE
	EndGlobalSection
	GlobalSection(ExtensibilityGlobals) = postSolution
		SolutionGuid = {5168A74C-FCDB-4D25-B231-5429CF8644EE}
	EndGlobalSection
EndGlobal
