
Microsoft Visual Studio Solution File, Format Version 12.00
# Visual Studio Version 17
VisualStudioVersion = 17.13.35825.156 d17.13
MinimumVisualStudioVersion = 10.0.40219.1
Project("{FAE04EC0-301F-11D3-BF4B-00C04F79EFBC}") = "T5", "T5.csproj", "{101FA0AF-8213-4AEA-9DD4-4444598FFCF7}"
EndProject
Global
	GlobalSection(SolutionConfigurationPlatforms) = preSolution
		Debug|Any CPU = Debug|Any CPU
		Release|Any CPU = Release|Any CPU
	EndGlobalSection
	GlobalSection(ProjectConfigurationPlatforms) = postSolution
		{101FA0AF-8213-4AEA-9DD4-4444598FFCF7}.Debug|Any CPU.ActiveCfg = Debug|Any CPU
		{101FA0AF-8213-4AEA-9DD4-4444598FFCF7}.Debug|Any CPU.Build.0 = Debug|Any CPU
		{101FA0AF-8213-4AEA-9DD4-4444598FFCF7}.Release|Any CPU.ActiveCfg = Release|Any CPU
		{101FA0AF-8213-4AEA-9DD4-4444598FFCF7}.Release|Any CPU.Build.0 = Release|Any CPU
	EndGlobalSection
	GlobalSection(SolutionProperties) = preSolution
		HideSolutionNode = FALSE
	EndGlobalSection
	GlobalSection(ExtensibilityGlobals) = postSolution
		SolutionGuid = {A551A353-02E4-4315-A992-FE03B3040C9F}
	EndGlobalSection
EndGlobal
