
Microsoft Visual Studio Solution File, Format Version 12.00
# Visual Studio Version 17
VisualStudioVersion = 17.14.36109.1 d17.14
MinimumVisualStudioVersion = 10.0.40219.1
Project("{FAE04EC0-301F-11D3-BF4B-00C04F79EFBC}") = "T9", "T9\T9.csproj", "{DD2BB55B-9385-488D-A031-EB1D70D8FF39}"
EndProject
Global
	GlobalSection(SolutionConfigurationPlatforms) = preSolution
		Debug|Any CPU = Debug|Any CPU
		Release|Any CPU = Release|Any CPU
	EndGlobalSection
	GlobalSection(ProjectConfigurationPlatforms) = postSolution
		{DD2BB55B-9385-488D-A031-EB1D70D8FF39}.Debug|Any CPU.ActiveCfg = Debug|Any CPU
		{DD2BB55B-9385-488D-A031-EB1D70D8FF39}.Debug|Any CPU.Build.0 = Debug|Any CPU
		{DD2BB55B-9385-488D-A031-EB1D70D8FF39}.Release|Any CPU.ActiveCfg = Release|Any CPU
		{DD2BB55B-9385-488D-A031-EB1D70D8FF39}.Release|Any CPU.Build.0 = Release|Any CPU
	EndGlobalSection
	GlobalSection(SolutionProperties) = preSolution
		HideSolutionNode = FALSE
	EndGlobalSection
	GlobalSection(ExtensibilityGlobals) = postSolution
		SolutionGuid = {99230F5D-0A34-4899-9C87-6B7C7AA823E8}
	EndGlobalSection
EndGlobal
